<?xml version="1.0" encoding="utf-8"?>
<Project ToolsVersion="4.0" xmlns="http://schemas.microsoft.com/developer/msbuild/2003">
  <ItemGroup>
    <Filter Include="소스 파일">
      <UniqueIdentifier>{4FC737F1-C7A5-4376-A066-2A32D752A2FF}</UniqueIdentifier>
      <Extensions>cpp;c;cc;cxx;def;odl;idl;hpj;bat;asm;asmx</Extensions>
    </Filter>
    <Filter Include="헤더 파일">
      <UniqueIdentifier>{93995380-89BD-4b04-88EB-625FBE52EBFB}</UniqueIdentifier>
      <Extensions>h;hh;hpp;hxx;hm;inl;inc;ipp;xsd</Extensions>
    </Filter>
    <Filter Include="리소스 파일">
      <UniqueIdentifier>{67DA6AB6-F800-4c08-8B7A-83BB121AAD01}</UniqueIdentifier>
      <Extensions>rc;ico;cur;bmp;dlg;rc2;rct;bin;rgs;gif;jpg;jpeg;jpe;resx;tiff;tif;png;wav;mfcribbon-ms</Extensions>
    </Filter>
    <Filter Include="Core">
      <UniqueIdentifier>{67a388ba-936a-4b7a-824c-38ec6eb648e4}</UniqueIdentifier>
    </Filter>
    <Filter Include="Stage">
      <UniqueIdentifier>{1c594669-e1b1-456c-ab4b-2ae9393617b0}</UniqueIdentifier>
    </Filter>
    <Filter Include="Shape">
      <UniqueIdentifier>{a1f8ba97-1380-4427-b9d2-7620e145c355}</UniqueIdentifier>
    </Filter>
    <Filter Include="Shape\Tetromino">
      <UniqueIdentifier>{12d7fa13-5270-4b6a-873c-2fe05601a6eb}</UniqueIdentifier>
    </Filter>
  </ItemGroup>
  <ItemGroup>
    <ClCompile Include="MAIN.cpp">
      <Filter>소스 파일</Filter>
    </ClCompile>
    <ClCompile Include="Core.cpp">
      <Filter>Core</Filter>
    </ClCompile>
    <ClCompile Include="StageMNG.cpp">
      <Filter>Stage</Filter>
    </ClCompile>
    <ClCompile Include="Stage.cpp">
      <Filter>Stage</Filter>
    </ClCompile>
    <ClCompile Include="Tpoly.cpp">
      <Filter>Shape\Tetromino</Filter>
    </ClCompile>
    <ClCompile Include="Zpoly.cpp">
      <Filter>Shape\Tetromino</Filter>
    </ClCompile>
    <ClCompile Include="Ipoly.cpp">
      <Filter>Shape\Tetromino</Filter>
    </ClCompile>
    <ClCompile Include="Opoly.cpp">
      <Filter>Shape\Tetromino</Filter>
    </ClCompile>
    <ClCompile Include="Spoly.cpp">
      <Filter>Shape\Tetromino</Filter>
    </ClCompile>
    <ClCompile Include="Lpoly.cpp">
      <Filter>Shape\Tetromino</Filter>
    </ClCompile>
    <ClCompile Include="Jpoly.cpp">
      <Filter>Shape\Tetromino</Filter>
    </ClCompile>
    <ClCompile Include="Shape.cpp">
      <Filter>Shape</Filter>
    </ClCompile>
    <ClCompile Include="ShapeMNG.cpp">
      <Filter>Shape</Filter>
    </ClCompile>
  </ItemGroup>
  <ItemGroup>
    <ClInclude Include="value.h">
      <Filter>헤더 파일</Filter>
    </ClInclude>
    <ClInclude Include="Core.h">
      <Filter>Core</Filter>
    </ClInclude>
    <ClInclude Include="Macro.h">
      <Filter>헤더 파일</Filter>
    </ClInclude>
    <ClInclude Include="StageMNG.h">
      <Filter>Stage</Filter>
    </ClInclude>
    <ClInclude Include="Stage.h">
      <Filter>Stage</Filter>
    </ClInclude>
    <ClInclude Include="Flags.h">
      <Filter>헤더 파일</Filter>
    </ClInclude>
    <ClInclude Include="Tpoly.h">
      <Filter>Shape\Tetromino</Filter>
    </ClInclude>
    <ClInclude Include="Ipoly.h">
      <Filter>Shape\Tetromino</Filter>
    </ClInclude>
    <ClInclude Include="Zpoly.h">
      <Filter>Shape\Tetromino</Filter>
    </ClInclude>
    <ClInclude Include="Opoly.h">
      <Filter>Shape\Tetromino</Filter>
    </ClInclude>
    <ClInclude Include="Jpoly.h">
      <Filter>Shape\Tetromino</Filter>
    </ClInclude>
    <ClInclude Include="Lpoly.h">
      <Filter>Shape\Tetromino</Filter>
    </ClInclude>
    <ClInclude Include="Spoly.h">
      <Filter>Shape\Tetromino</Filter>
    </ClInclude>
    <ClInclude Include="Shape.h">
      <Filter>Shape</Filter>
    </ClInclude>
    <ClInclude Include="ShapeMNG.h">
      <Filter>Shape</Filter>
    </ClInclude>
  </ItemGroup>
</Project>